// !$*UTF8*$!
{
	archiveVersion = 1;
	classes = {
	};
	objectVersion = 77;
	objects = {

/* Begin PBXContainerItemProxy section */
		B52418652DB78EE800D4A6CE /* PBXContainerItemProxy */ = {
			isa = PBXContainerItemProxy;
			containerPortal = B524184C2DB78EE600D4A6CE /* Project object */;
			proxyType = 1;
			remoteGlobalIDString = B52418532DB78EE600D4A6CE;
			remoteInfo = "Процент";
		};
		B524186F2DB78EE800D4A6CE /* PBXContainerItemProxy */ = {
			isa = PBXContainerItemProxy;
			containerPortal = B524184C2DB78EE600D4A6CE /* Project object */;
			proxyType = 1;
			remoteGlobalIDString = B52418532DB78EE600D4A6CE;
			remoteInfo = "Процент";
		};
/* End PBXContainerItemProxy section */

/* Begin PBXFileReference section */
		B52418542DB78EE600D4A6CE /* Процент.app */ = {isa = PBXFileReference; explicitFileType = wrapper.application; includeInIndex = 0; path = "Процент.app"; sourceTree = BUILT_PRODUCTS_DIR; };
		B52418642DB78EE800D4A6CE /* ПроцентTests.xctest */ = {isa = PBXFileReference; explicitFileType = wrapper.cfbundle; includeInIndex = 0; path = "ПроцентTests.xctest"; sourceTree = BUILT_PRODUCTS_DIR; };
		B524186E2DB78EE800D4A6CE /* ПроцентUITests.xctest */ = {isa = PBXFileReference; explicitFileType = wrapper.cfbundle; includeInIndex = 0; path = "ПроцентUITests.xctest"; sourceTree = BUILT_PRODUCTS_DIR; };
/* End PBXFileReference section */

/* Begin PBXFileSystemSynchronizedRootGroup section */
		B52418562DB78EE600D4A6CE /* Процент */ = {
			isa = PBXFileSystemSynchronizedRootGroup;
			path = "Процент";
			sourceTree = "<group>";
		};
		B52418672DB78EE800D4A6CE /* ПроцентTests */ = {
			isa = PBXFileSystemSynchronizedRootGroup;
			path = "ПроцентTests";
			sourceTree = "<group>";
		};
		B52418712DB78EE800D4A6CE /* ПроцентUITests */ = {
			isa = PBXFileSystemSynchronizedRootGroup;
			path = "ПроцентUITests";
			sourceTree = "<group>";
		};
/* End PBXFileSystemSynchronizedRootGroup section */

/* Begin PBXFrameworksBuildPhase section */
		B52418512DB78EE600D4A6CE /* Frameworks */ = {
			isa = PBXFrameworksBuildPhase;
			buildActionMask = 2147483647;
			files = (
			);
			runOnlyForDeploymentPostprocessing = 0;
		};
		B52418612DB78EE800D4A6CE /* Frameworks */ = {
			isa = PBXFrameworksBuildPhase;
			buildActionMask = 2147483647;
			files = (
			);
			runOnlyForDeploymentPostprocessing = 0;
		};
		B524186B2DB78EE800D4A6CE /* Frameworks */ = {
			isa = PBXFrameworksBuildPhase;
			buildActionMask = 2147483647;
			files = (
			);
			runOnlyForDeploymentPostprocessing = 0;
		};
/* End PBXFrameworksBuildPhase section */

/* Begin PBXGroup section */
		B524184B2DB78EE600D4A6CE = {
			isa = PBXGroup;
			children = (
				B52418562DB78EE600D4A6CE /* Процент */,
				B52418672DB78EE800D4A6CE /* ПроцентTests */,
				B52418712DB78EE800D4A6CE /* ПроцентUITests */,
				B52418552DB78EE600D4A6CE /* Products */,
			);
			sourceTree = "<group>";
		};
		B52418552DB78EE600D4A6CE /* Products */ = {
			isa = PBXGroup;
			children = (
				B52418542DB78EE600D4A6CE /* Процент.app */,
				B52418642DB78EE800D4A6CE /* ПроцентTests.xctest */,
				B524186E2DB78EE800D4A6CE /* ПроцентUITests.xctest */,
			);
			name = Products;
			sourceTree = "<group>";
		};
/* End PBXGroup section */

/* Begin PBXNativeTarget section */
		B52418532DB78EE600D4A6CE /* Процент */ = {
			isa = PBXNativeTarget;
			buildConfigurationList = B52418782DB78EE800D4A6CE /* Build configuration list for PBXNativeTarget "Процент" */;
			buildPhases = (
				B52418502DB78EE600D4A6CE /* Sources */,
				B52418512DB78EE600D4A6CE /* Frameworks */,
				B52418522DB78EE600D4A6CE /* Resources */,
			);
			buildRules = (
			);
			dependencies = (
			);
			fileSystemSynchronizedGroups = (
				B52418562DB78EE600D4A6CE /* Процент */,
			);
			name = "Процент";
			packageProductDependencies = (
			);
			productName = "Процент";
			productReference = B52418542DB78EE600D4A6CE /* Процент.app */;
			productType = "com.apple.product-type.application";
		};
		B52418632DB78EE800D4A6CE /* ПроцентTests */ = {
			isa = PBXNativeTarget;
			buildConfigurationList = B524187B2DB78EE800D4A6CE /* Build configuration list for PBXNativeTarget "ПроцентTests" */;
			buildPhases = (
				B52418602DB78EE800D4A6CE /* Sources */,
				B52418612DB78EE800D4A6CE /* Frameworks */,
				B52418622DB78EE800D4A6CE /* Resources */,
			);
			buildRules = (
			);
			dependencies = (
				B52418662DB78EE800D4A6CE /* PBXTargetDependency */,
			);
			fileSystemSynchronizedGroups = (
				B52418672DB78EE800D4A6CE /* ПроцентTests */,
			);
			name = "ПроцентTests";
			packageProductDependencies = (
			);
			productName = "ПроцентTests";
			productReference = B52418642DB78EE800D4A6CE /* ПроцентTests.xctest */;
			productType = "com.apple.product-type.bundle.unit-test";
		};
		B524186D2DB78EE800D4A6CE /* ПроцентUITests */ = {
			isa = PBXNativeTarget;
			buildConfigurationList = B524187E2DB78EE800D4A6CE /* Build configuration list for PBXNativeTarget "ПроцентUITests" */;
			buildPhases = (
				B524186A2DB78EE800D4A6CE /* Sources */,
				B524186B2DB78EE800D4A6CE /* Frameworks */,
				B524186C2DB78EE800D4A6CE /* Resources */,
			);
			buildRules = (
			);
			dependencies = (
				B52418702DB78EE800D4A6CE /* PBXTargetDependency */,
			);
			fileSystemSynchronizedGroups = (
				B52418712DB78EE800D4A6CE /* ПроцентUITests */,
			);
			name = "ПроцентUITests";
			packageProductDependencies = (
			);
			productName = "ПроцентUITests";
			productReference = B524186E2DB78EE800D4A6CE /* ПроцентUITests.xctest */;
			productType = "com.apple.product-type.bundle.ui-testing";
		};
/* End PBXNativeTarget section */

/* Begin PBXProject section */
		B524184C2DB78EE600D4A6CE /* Project object */ = {
			isa = PBXProject;
			attributes = {
				BuildIndependentTargetsInParallel = 1;
				LastSwiftUpdateCheck = 1620;
				LastUpgradeCheck = 1630;
				TargetAttributes = {
					B52418532DB78EE600D4A6CE = {
						CreatedOnToolsVersion = 16.2;
					};
					B52418632DB78EE800D4A6CE = {
						CreatedOnToolsVersion = 16.2;
						TestTargetID = B52418532DB78EE600D4A6CE;
					};
					B524186D2DB78EE800D4A6CE = {
						CreatedOnToolsVersion = 16.2;
						TestTargetID = B52418532DB78EE600D4A6CE;
					};
				};
			};
			buildConfigurationList = B524184F2DB78EE600D4A6CE /* Build configuration list for PBXProject "Процент" */;
			developmentRegion = en;
			hasScannedForEncodings = 0;
			knownRegions = (
				en,
				Base,
				ru,
				ar,
				"zh-Hans",
				ja,
				de,
				tr,
				fr,
				es,
				th,
				ko,
				it,
				"pt-BR",
				id,
				vi,
				pl,
				nl,
				sv,
				da,
				fi,
				nb,
				el,
				cs,
				hu,
				ro,
				he,
				hi,
				fil,
				jv,
				pt,
				"zh-Hant",
			);
			mainGroup = B524184B2DB78EE600D4A6CE;
			minimizedProjectReferenceProxies = 1;
			preferredProjectObjectVersion = 77;
			productRefGroup = B52418552DB78EE600D4A6CE /* Products */;
			projectDirPath = "";
			projectRoot = "";
			targets = (
				B52418532DB78EE600D4A6CE /* Процент */,
				B52418632DB78EE800D4A6CE /* ПроцентTests */,
				B524186D2DB78EE800D4A6CE /* ПроцентUITests */,
			);
		};
/* End PBXProject section */

/* Begin PBXResourcesBuildPhase section */
		B52418522DB78EE600D4A6CE /* Resources */ = {
			isa = PBXResourcesBuildPhase;
			buildActionMask = 2147483647;
			files = (
			);
			runOnlyForDeploymentPostprocessing = 0;
		};
		B52418622DB78EE800D4A6CE /* Resources */ = {
			isa = PBXResourcesBuildPhase;
			buildActionMask = 2147483647;
			files = (
			);
			runOnlyForDeploymentPostprocessing = 0;
		};
		B524186C2DB78EE800D4A6CE /* Resources */ = {
			isa = PBXResourcesBuildPhase;
			buildActionMask = 2147483647;
			files = (
			);
			runOnlyForDeploymentPostprocessing = 0;
		};
/* End PBXResourcesBuildPhase section */

/* Begin PBXSourcesBuildPhase section */
		B52418502DB78EE600D4A6CE /* Sources */ = {
			isa = PBXSourcesBuildPhase;
			buildActionMask = 2147483647;
			files = (
			);
			runOnlyForDeploymentPostprocessing = 0;
		};
		B52418602DB78EE800D4A6CE /* Sources */ = {
			isa = PBXSourcesBuildPhase;
			buildActionMask = 2147483647;
			files = (
			);
			runOnlyForDeploymentPostprocessing = 0;
		};
		B524186A2DB78EE800D4A6CE /* Sources */ = {
			isa = PBXSourcesBuildPhase;
			buildActionMask = 2147483647;
			files = (
			);
			runOnlyForDeploymentPostprocessing = 0;
		};
/* End PBXSourcesBuildPhase section */

/* Begin PBXTargetDependency section */
		B52418662DB78EE800D4A6CE /* PBXTargetDependency */ = {
			isa = PBXTargetDependency;
			target = B52418532DB78EE600D4A6CE /* Процент */;
			targetProxy = B52418652DB78EE800D4A6CE /* PBXContainerItemProxy */;
		};
		B52418702DB78EE800D4A6CE /* PBXTargetDependency */ = {
			isa = PBXTargetDependency;
			target = B52418532DB78EE600D4A6CE /* Процент */;
			targetProxy = B524186F2DB78EE800D4A6CE /* PBXContainerItemProxy */;
		};
/* End PBXTargetDependency section */

/* Begin XCBuildConfiguration section */
		B52418762DB78EE800D4A6CE /* Debug */ = {
			isa = XCBuildConfiguration;
			buildSettings = {
				ALWAYS_SEARCH_USER_PATHS = NO;
				ASSETCATALOG_COMPILER_GENERATE_SWIFT_ASSET_SYMBOL_EXTENSIONS = YES;
				CLANG_ANALYZER_LOCALIZABILITY_NONLOCALIZED = YES;
				CLANG_ANALYZER_NONNULL = YES;
				CLANG_ANALYZER_NUMBER_OBJECT_CONVERSION = YES_AGGRESSIVE;
				CLANG_CXX_LANGUAGE_STANDARD = "gnu++20";
				CLANG_ENABLE_MODULES = YES;
				CLANG_ENABLE_OBJC_ARC = YES;
				CLANG_ENABLE_OBJC_WEAK = YES;
				CLANG_WARN_BLOCK_CAPTURE_AUTORELEASING = YES;
				CLANG_WARN_BOOL_CONVERSION = YES;
				CLANG_WARN_COMMA = YES;
				CLANG_WARN_CONSTANT_CONVERSION = YES;
				CLANG_WARN_DEPRECATED_OBJC_IMPLEMENTATIONS = YES;
				CLANG_WARN_DIRECT_OBJC_ISA_USAGE = YES_ERROR;
				CLANG_WARN_DOCUMENTATION_COMMENTS = YES;
				CLANG_WARN_EMPTY_BODY = YES;
				CLANG_WARN_ENUM_CONVERSION = YES;
				CLANG_WARN_INFINITE_RECURSION = YES;
				CLANG_WARN_INT_CONVERSION = YES;
				CLANG_WARN_NON_LITERAL_NULL_CONVERSION = YES;
				CLANG_WARN_OBJC_IMPLICIT_RETAIN_SELF = YES;
				CLANG_WARN_OBJC_LITERAL_CONVERSION = YES;
				CLANG_WARN_OBJC_ROOT_CLASS = YES_ERROR;
				CLANG_WARN_QUOTED_INCLUDE_IN_FRAMEWORK_HEADER = YES;
				CLANG_WARN_RANGE_LOOP_ANALYSIS = YES;
				CLANG_WARN_STRICT_PROTOTYPES = YES;
				CLANG_WARN_SUSPICIOUS_MOVE = YES;
				CLANG_WARN_UNGUARDED_AVAILABILITY = YES_AGGRESSIVE;
				CLANG_WARN_UNREACHABLE_CODE = YES;
				CLANG_WARN__DUPLICATE_METHOD_MATCH = YES;
				COPY_PHASE_STRIP = NO;
				DEBUG_INFORMATION_FORMAT = dwarf;
				DEVELOPMENT_TEAM = SVGYL5G999;
				ENABLE_STRICT_OBJC_MSGSEND = YES;
				ENABLE_TESTABILITY = YES;
				ENABLE_USER_SCRIPT_SANDBOXING = YES;
				GCC_C_LANGUAGE_STANDARD = gnu17;
				GCC_DYNAMIC_NO_PIC = NO;
				GCC_NO_COMMON_BLOCKS = YES;
				GCC_OPTIMIZATION_LEVEL = 0;
				GCC_PREPROCESSOR_DEFINITIONS = (
					"DEBUG=1",
					"$(inherited)",
				);
				GCC_WARN_64_TO_32_BIT_CONVERSION = YES;
				GCC_WARN_ABOUT_RETURN_TYPE = YES_ERROR;
				GCC_WARN_UNDECLARED_SELECTOR = YES;
				GCC_WARN_UNINITIALIZED_AUTOS = YES_AGGRESSIVE;
				GCC_WARN_UNUSED_FUNCTION = YES;
				GCC_WARN_UNUSED_VARIABLE = YES;
				IPHONEOS_DEPLOYMENT_TARGET = 18.2;
				LOCALIZATION_PREFERS_STRING_CATALOGS = YES;
				MTL_ENABLE_DEBUG_INFO = INCLUDE_SOURCE;
				MTL_FAST_MATH = YES;
				ONLY_ACTIVE_ARCH = YES;
				SDKROOT = iphoneos;
				SUPPORTS_XR_DESIGNED_FOR_IPHONE_IPAD = NO;
				SWIFT_ACTIVE_COMPILATION_CONDITIONS = "DEBUG $(inherited)";
				SWIFT_OPTIMIZATION_LEVEL = "-Onone";
			};
			name = Debug;
		};
		B52418772DB78EE800D4A6CE /* Release */ = {
			isa = XCBuildConfiguration;
			buildSettings = {
				ALWAYS_SEARCH_USER_PATHS = NO;
				ASSETCATALOG_COMPILER_GENERATE_SWIFT_ASSET_SYMBOL_EXTENSIONS = YES;
				CLANG_ANALYZER_LOCALIZABILITY_NONLOCALIZED = YES;
				CLANG_ANALYZER_NONNULL = YES;
				CLANG_ANALYZER_NUMBER_OBJECT_CONVERSION = YES_AGGRESSIVE;
				CLANG_CXX_LANGUAGE_STANDARD = "gnu++20";
				CLANG_ENABLE_MODULES = YES;
				CLANG_ENABLE_OBJC_ARC = YES;
				CLANG_ENABLE_OBJC_WEAK = YES;
				CLANG_WARN_BLOCK_CAPTURE_AUTORELEASING = YES;
				CLANG_WARN_BOOL_CONVERSION = YES;
				CLANG_WARN_COMMA = YES;
				CLANG_WARN_CONSTANT_CONVERSION = YES;
				CLANG_WARN_DEPRECATED_OBJC_IMPLEMENTATIONS = YES;
				CLANG_WARN_DIRECT_OBJC_ISA_USAGE = YES_ERROR;
				CLANG_WARN_DOCUMENTATION_COMMENTS = YES;
				CLANG_WARN_EMPTY_BODY = YES;
				CLANG_WARN_ENUM_CONVERSION = YES;
				CLANG_WARN_INFINITE_RECURSION = YES;
				CLANG_WARN_INT_CONVERSION = YES;
				CLANG_WARN_NON_LITERAL_NULL_CONVERSION = YES;
				CLANG_WARN_OBJC_IMPLICIT_RETAIN_SELF = YES;
				CLANG_WARN_OBJC_LITERAL_CONVERSION = YES;
				CLANG_WARN_OBJC_ROOT_CLASS = YES_ERROR;
				CLANG_WARN_QUOTED_INCLUDE_IN_FRAMEWORK_HEADER = YES;
				CLANG_WARN_RANGE_LOOP_ANALYSIS = YES;
				CLANG_WARN_STRICT_PROTOTYPES = YES;
				CLANG_WARN_SUSPICIOUS_MOVE = YES;
				CLANG_WARN_UNGUARDED_AVAILABILITY = YES_AGGRESSIVE;
				CLANG_WARN_UNREACHABLE_CODE = YES;
				CLANG_WARN__DUPLICATE_METHOD_MATCH = YES;
				COPY_PHASE_STRIP = NO;
				DEBUG_INFORMATION_FORMAT = "dwarf-with-dsym";
				DEVELOPMENT_TEAM = SVGYL5G999;
				ENABLE_NS_ASSERTIONS = NO;
				ENABLE_STRICT_OBJC_MSGSEND = YES;
				ENABLE_USER_SCRIPT_SANDBOXING = YES;
				GCC_C_LANGUAGE_STANDARD = gnu17;
				GCC_NO_COMMON_BLOCKS = YES;
				GCC_WARN_64_TO_32_BIT_CONVERSION = YES;
				GCC_WARN_ABOUT_RETURN_TYPE = YES_ERROR;
				GCC_WARN_UNDECLARED_SELECTOR = YES;
				GCC_WARN_UNINITIALIZED_AUTOS = YES_AGGRESSIVE;
				GCC_WARN_UNUSED_FUNCTION = YES;
				GCC_WARN_UNUSED_VARIABLE = YES;
				IPHONEOS_DEPLOYMENT_TARGET = 18.2;
				LOCALIZATION_PREFERS_STRING_CATALOGS = YES;
				MTL_ENABLE_DEBUG_INFO = NO;
				MTL_FAST_MATH = YES;
				SDKROOT = iphoneos;
				SUPPORTS_XR_DESIGNED_FOR_IPHONE_IPAD = NO;
				SWIFT_COMPILATION_MODE = wholemodule;
				VALIDATE_PRODUCT = YES;
			};
			name = Release;
		};
		B52418792DB78EE800D4A6CE /* Debug */ = {
			isa = XCBuildConfiguration;
			buildSettings = {
				ASSETCATALOG_COMPILER_APPICON_NAME = AppIcon;
				ASSETCATALOG_COMPILER_GLOBAL_ACCENT_COLOR_NAME = AccentColor;
				CODE_SIGN_STYLE = Automatic;
				CURRENT_PROJECT_VERSION = 1;
				DEVELOPMENT_ASSET_PATHS = "\"Процент/Preview Content\"";
				ENABLE_PREVIEWS = YES;
				GENERATE_INFOPLIST_FILE = YES;
				INFOPLIST_FILE = Info.plist;
				INFOPLIST_KEY_CFBundleDisplayName = "Конвертум";
				INFOPLIST_KEY_LSApplicationCategoryType = "";
				INFOPLIST_KEY_UIApplicationSceneManifest_Generation = YES;
				INFOPLIST_KEY_UIApplicationSupportsIndirectInputEvents = YES;
				INFOPLIST_KEY_UILaunchScreen_Generation = YES;
				INFOPLIST_KEY_UISupportedInterfaceOrientations = UIInterfaceOrientationPortrait;
				LD_RUNPATH_SEARCH_PATHS = (
					"$(inherited)",
					"@executable_path/Frameworks",
				);
				MARKETING_VERSION = 1.0;
				PRODUCT_BUNDLE_IDENTIFIER = com.Procent.Procent;
				PRODUCT_NAME = "$(TARGET_NAME)";
				SWIFT_EMIT_LOC_STRINGS = YES;
				SWIFT_VERSION = 5.0;
				TARGETED_DEVICE_FAMILY = "1,2";
			};
			name = Debug;
		};
		B524187A2DB78EE800D4A6CE /* Release */ = {
			isa = XCBuildConfiguration;
			buildSettings = {
				ASSETCATALOG_COMPILER_APPICON_NAME = AppIcon;
				ASSETCATALOG_COMPILER_GLOBAL_ACCENT_COLOR_NAME = AccentColor;
				CODE_SIGN_STYLE = Automatic;
				CURRENT_PROJECT_VERSION = 1;
				DEVELOPMENT_ASSET_PATHS = "\"Процент/Preview Content\"";
				ENABLE_PREVIEWS = YES;
				GENERATE_INFOPLIST_FILE = YES;
				INFOPLIST_FILE = Info.plist;
				INFOPLIST_KEY_CFBundleDisplayName = "Конвертум";
				INFOPLIST_KEY_LSApplicationCategoryType = "";
				INFOPLIST_KEY_UIApplicationSceneManifest_Generation = YES;
				INFOPLIST_KEY_UIApplicationSupportsIndirectInputEvents = YES;
				INFOPLIST_KEY_UILaunchScreen_Generation = YES;
				INFOPLIST_KEY_UISupportedInterfaceOrientations = UIInterfaceOrientationPortrait;
				LD_RUNPATH_SEARCH_PATHS = (
					"$(inherited)",
					"@executable_path/Frameworks",
				);
				MARKETING_VERSION = 1.0;
				PRODUCT_BUNDLE_IDENTIFIER = com.Procent.Procent;
				PRODUCT_NAME = "$(TARGET_NAME)";
				SWIFT_EMIT_LOC_STRINGS = YES;
				SWIFT_VERSION = 5.0;
				TARGETED_DEVICE_FAMILY = "1,2";
			};
			name = Release;
		};
		B524187C2DB78EE800D4A6CE /* Debug */ = {
			isa = XCBuildConfiguration;
			buildSettings = {
				BUNDLE_LOADER = "$(TEST_HOST)";
				CODE_SIGN_STYLE = Automatic;
				CURRENT_PROJECT_VERSION = 1;
				GENERATE_INFOPLIST_FILE = YES;
				IPHONEOS_DEPLOYMENT_TARGET = 18.2;
				MARKETING_VERSION = 1.0;
				PRODUCT_BUNDLE_IDENTIFIER = "com.example.-------Tests";
				PRODUCT_NAME = "$(TARGET_NAME)";
				SWIFT_EMIT_LOC_STRINGS = NO;
				SWIFT_VERSION = 5.0;
				TARGETED_DEVICE_FAMILY = "1,2";
				TEST_HOST = "$(BUILT_PRODUCTS_DIR)/Процент.app/$(BUNDLE_EXECUTABLE_FOLDER_PATH)/Процент";
			};
			name = Debug;
		};
		B524187D2DB78EE800D4A6CE /* Release */ = {
			isa = XCBuildConfiguration;
			buildSettings = {
				BUNDLE_LOADER = "$(TEST_HOST)";
				CODE_SIGN_STYLE = Automatic;
				CURRENT_PROJECT_VERSION = 1;
				GENERATE_INFOPLIST_FILE = YES;
				IPHONEOS_DEPLOYMENT_TARGET = 18.2;
				MARKETING_VERSION = 1.0;
				PRODUCT_BUNDLE_IDENTIFIER = "com.example.-------Tests";
				PRODUCT_NAME = "$(TARGET_NAME)";
				SWIFT_EMIT_LOC_STRINGS = NO;
				SWIFT_VERSION = 5.0;
				TARGETED_DEVICE_FAMILY = "1,2";
				TEST_HOST = "$(BUILT_PRODUCTS_DIR)/Процент.app/$(BUNDLE_EXECUTABLE_FOLDER_PATH)/Процент";
			};
			name = Release;
		};
		B524187F2DB78EE800D4A6CE /* Debug */ = {
			isa = XCBuildConfiguration;
			buildSettings = {
				CODE_SIGN_STYLE = Automatic;
				CURRENT_PROJECT_VERSION = 1;
				GENERATE_INFOPLIST_FILE = YES;
				MARKETING_VERSION = 1.0;
				PRODUCT_BUNDLE_IDENTIFIER = "com.example.-------UITests";
				PRODUCT_NAME = "$(TARGET_NAME)";
				SWIFT_EMIT_LOC_STRINGS = NO;
				SWIFT_VERSION = 5.0;
				TARGETED_DEVICE_FAMILY = "1,2";
				TEST_TARGET_NAME = "Процент";
			};
			name = Debug;
		};
		B52418802DB78EE800D4A6CE /* Release */ = {
			isa = XCBuildConfiguration;
			buildSettings = {
				CODE_SIGN_STYLE = Automatic;
				CURRENT_PROJECT_VERSION = 1;
				GENERATE_INFOPLIST_FILE = YES;
				MARKETING_VERSION = 1.0;
				PRODUCT_BUNDLE_IDENTIFIER = "com.example.-------UITests";
				PRODUCT_NAME = "$(TARGET_NAME)";
				SWIFT_EMIT_LOC_STRINGS = NO;
				SWIFT_VERSION = 5.0;
				TARGETED_DEVICE_FAMILY = "1,2";
				TEST_TARGET_NAME = "Процент";
			};
			name = Release;
		};
/* End XCBuildConfiguration section */

/* Begin XCConfigurationList section */
		B524184F2DB78EE600D4A6CE /* Build configuration list for PBXProject "Процент" */ = {
			isa = XCConfigurationList;
			buildConfigurations = (
				B52418762DB78EE800D4A6CE /* Debug */,
				B52418772DB78EE800D4A6CE /* Release */,
			);
			defaultConfigurationIsVisible = 0;
			defaultConfigurationName = Release;
		};
		B52418782DB78EE800D4A6CE /* Build configuration list for PBXNativeTarget "Процент" */ = {
			isa = XCConfigurationList;
			buildConfigurations = (
				B52418792DB78EE800D4A6CE /* Debug */,
				B524187A2DB78EE800D4A6CE /* Release */,
			);
			defaultConfigurationIsVisible = 0;
			defaultConfigurationName = Release;
		};
		B524187B2DB78EE800D4A6CE /* Build configuration list for PBXNativeTarget "ПроцентTests" */ = {
			isa = XCConfigurationList;
			buildConfigurations = (
				B524187C2DB78EE800D4A6CE /* Debug */,
				B524187D2DB78EE800D4A6CE /* Release */,
			);
			defaultConfigurationIsVisible = 0;
			defaultConfigurationName = Release;
		};
		B524187E2DB78EE800D4A6CE /* Build configuration list for PBXNativeTarget "ПроцентUITests" */ = {
			isa = XCConfigurationList;
			buildConfigurations = (
				B524187F2DB78EE800D4A6CE /* Debug */,
				B52418802DB78EE800D4A6CE /* Release */,
			);
			defaultConfigurationIsVisible = 0;
			defaultConfigurationName = Release;
		};
/* End XCConfigurationList section */
	};
	rootObject = B524184C2DB78EE600D4A6CE /* Project object */;
}
